Microsoft Visual Studio Solution File, Format Version 12.00
# Visual Studio Version 16
VisualStudioVersion = 16.0.30406.217
MinimumVisualStudioVersion = 10.0.40219.1
Project("{2150E333-8FDC-42A3-9474-1A3956D46DE8}") = "src", "src", "{2A5A2DB0-2B3E-4136-A3E2-9C8F2892A41B}"
EndProject
Project("{2150E333-8FDC-42A3-9474-1A3956D46DE8}") = "test", "test", "{4FA4F4FE-4266-4779-B25D-6CEFEDA971DB}"
EndProject
Project("{9A19103F-16F7-4668-BE54-9A1E7A4F7556}") = "MailCheck.Mx.TlsEvaluator", "MailCheck.Mx.TlsEvaluator\MailCheck.Mx.TlsEvaluator.csproj", "{E319FD22-8A84-4797-A7F0-2F08B37087D1}"
EndProject
Project("{9A19103F-16F7-4668-BE54-9A1E7A4F7556}") = "MailCheck.Mx.TlsEntity", "MailCheck.Mx.TlsEntity\MailCheck.Mx.TlsEntity.csproj", "{0F5FEA3B-E664-483F-BE72-4DFEF1CB8DC8}"
EndProject
Project("{9A19103F-16F7-4668-BE54-9A1E7A4F7556}") = "MailCheck.Mx.Entity", "MailCheck.Mx.Entity\MailCheck.Mx.Entity.csproj", "{2EA5DAF9-16AE-4423-8FCA-FBCDD1A0830C}"
EndProject
Project("{9A19103F-16F7-4668-BE54-9A1E7A4F7556}") = "MailCheck.Mx.Poller", "MailCheck.Mx.Poller\MailCheck.Mx.Poller.csproj", "{BB905A16-B167-4A0F-BC7B-8F6AE460FFA7}"
EndProject
Project("{9A19103F-16F7-4668-BE54-9A1E7A4F7556}") = "MailCheck.Mx.TlsTester", "MailCheck.Mx.TlsTester\MailCheck.Mx.TlsTester.csproj", "{C6902DDC-E9E4-476F-B9F9-A47A60F9E13D}"
EndProject
Project("{9A19103F-16F7-4668-BE54-9A1E7A4F7556}") = "MailCheck.Mx.Entity.Test", "MailCheck.Mx.Entity.Test\MailCheck.Mx.Entity.Test.csproj", "{3DD0162B-628D-4077-A62D-C4C70A55C91A}"
EndProject
Project("{9A19103F-16F7-4668-BE54-9A1E7A4F7556}") = "MailCheck.Mx.Poller.Test", "MailCheck.Mx.Poller.Test\MailCheck.Mx.Poller.Test.csproj", "{CA65801B-BDBB-4266-A73F-19E8DD787E2D}"
EndProject
Project("{9A19103F-16F7-4668-BE54-9A1E7A4F7556}") = "MailCheck.Mx.TlsEntity.Test", "MailCheck.Mx.TlsEntity.Test\MailCheck.Mx.TlsEntity.Test.csproj", "{FA2D7F69-B39F-4E22-839B-1C03F62A2694}"
EndProject
Project("{9A19103F-16F7-4668-BE54-9A1E7A4F7556}") = "MailCheck.Mx.TlsEvaluator.Test", "MailCheck.Mx.TlsEvaluator.Test\MailCheck.Mx.TlsEvaluator.Test.csproj", "{4D9873CD-4048-4DEC-8ECD-7D2A740A8105}"
EndProject
Project("{9A19103F-16F7-4668-BE54-9A1E7A4F7556}") = "MailCheck.Mx.TlsTester.Test", "MailCheck.Mx.TlsTester.Test\MailCheck.Mx.TlsTester.Test.csproj", "{C31B0E6B-8E93-4008-AF56-A8D73D85D699}"
EndProject
Project("{9A19103F-16F7-4668-BE54-9A1E7A4F7556}") = "MailCheck.Mx.Migration", "MailCheck.Mx.Migration\MailCheck.Mx.Migration.csproj", "{DAF68F02-9F80-4EAF-B82C-344E2618FA3C}"
EndProject
Project("{9A19103F-16F7-4668-BE54-9A1E7A4F7556}") = "MailCheck.Mx.Api", "MailCheck.Mx.Api\MailCheck.Mx.Api.csproj", "{80289383-2944-4921-948D-01D683D53375}"
EndProject
Project("{9A19103F-16F7-4668-BE54-9A1E7A4F7556}") = "MailCheck.Mx.Api.Test", "MailCheck.Mx.Api.Test\MailCheck.Mx.Api.Test.csproj", "{CFE8AEED-0D10-47D8-9A87-51AF82121990}"
EndProject
Project("{9A19103F-16F7-4668-BE54-9A1E7A4F7556}") = "MailCheck.Mx.Contracts", "MailCheck.Mx.Contracts\MailCheck.Mx.Contracts.csproj", "{362A1F7B-C59C-43D7-8144-8BE20ED32562}"
EndProject
Project("{9A19103F-16F7-4668-BE54-9A1E7A4F7556}") = "MailCheck.Mx.BouncyCastle", "MailCheck.Mx.BouncyCastle\MailCheck.Mx.BouncyCastle.csproj", "{C2DDFA29-3300-49A8-9D85-D2103E5AF48D}"
EndProject
Project("{9A19103F-16F7-4668-BE54-9A1E7A4F7556}") = "MailCheck.Mx.TlsTesterWatchdog", "MailCheck.Mx.TlsTesterWatchdog\MailCheck.Mx.TlsTesterWatchdog.csproj", "{ABA59842-E37D-4599-92B5-1808AE065BE2}"
EndProject
Project("{9A19103F-16F7-4668-BE54-9A1E7A4F7556}") = "MailCheck.Mx.SimplifiedTlsTester", "MailCheck.Mx.SimplifiedTlsTester\MailCheck.Mx.SimplifiedTlsTester.csproj", "{3EED1D50-C457-41C2-9E87-08E16F7EBD31}"
EndProject
Project("{9A19103F-16F7-4668-BE54-9A1E7A4F7556}") = "MailCheck.Mx.SimplifiedTlsTester.Test", "MailCheck.Mx.SimplifiedTlsTester.Test\MailCheck.Mx.SimplifiedTlsTester.Test.csproj", "{A9FEA55B-B421-4C63-BF46-1432598BBE60}"
EndProject
Global
	GlobalSection(SolutionConfigurationPlatforms) = preSolution
		Debug|Any CPU = Debug|Any CPU
		Release|Any CPU = Release|Any CPU
	EndGlobalSection
	GlobalSection(ProjectConfigurationPlatforms) = postSolution
		{E319FD22-8A84-4797-A7F0-2F08B37087D1}.Debug|Any CPU.ActiveCfg = Debug|Any CPU
		{E319FD22-8A84-4797-A7F0-2F08B37087D1}.Debug|Any CPU.Build.0 = Debug|Any CPU
		{E319FD22-8A84-4797-A7F0-2F08B37087D1}.Release|Any CPU.ActiveCfg = Release|Any CPU
		{E319FD22-8A84-4797-A7F0-2F08B37087D1}.Release|Any CPU.Build.0 = Release|Any CPU
		{0F5FEA3B-E664-483F-BE72-4DFEF1CB8DC8}.Debug|Any CPU.ActiveCfg = Debug|Any CPU
		{0F5FEA3B-E664-483F-BE72-4DFEF1CB8DC8}.Debug|Any CPU.Build.0 = Debug|Any CPU
		{0F5FEA3B-E664-483F-BE72-4DFEF1CB8DC8}.Release|Any CPU.ActiveCfg = Release|Any CPU
		{0F5FEA3B-E664-483F-BE72-4DFEF1CB8DC8}.Release|Any CPU.Build.0 = Release|Any CPU
		{2EA5DAF9-16AE-4423-8FCA-FBCDD1A0830C}.Debug|Any CPU.ActiveCfg = Debug|Any CPU
		{2EA5DAF9-16AE-4423-8FCA-FBCDD1A0830C}.Debug|Any CPU.Build.0 = Debug|Any CPU
		{2EA5DAF9-16AE-4423-8FCA-FBCDD1A0830C}.Release|Any CPU.ActiveCfg = Release|Any CPU
		{2EA5DAF9-16AE-4423-8FCA-FBCDD1A0830C}.Release|Any CPU.Build.0 = Release|Any CPU
		{BB905A16-B167-4A0F-BC7B-8F6AE460FFA7}.Debug|Any CPU.ActiveCfg = Debug|Any CPU
		{BB905A16-B167-4A0F-BC7B-8F6AE460FFA7}.Debug|Any CPU.Build.0 = Debug|Any CPU
		{BB905A16-B167-4A0F-BC7B-8F6AE460FFA7}.Release|Any CPU.ActiveCfg = Release|Any CPU
		{BB905A16-B167-4A0F-BC7B-8F6AE460FFA7}.Release|Any CPU.Build.0 = Release|Any CPU
		{C6902DDC-E9E4-476F-B9F9-A47A60F9E13D}.Debug|Any CPU.ActiveCfg = Debug|Any CPU
		{C6902DDC-E9E4-476F-B9F9-A47A60F9E13D}.Debug|Any CPU.Build.0 = Debug|Any CPU
		{C6902DDC-E9E4-476F-B9F9-A47A60F9E13D}.Release|Any CPU.ActiveCfg = Release|Any CPU
		{C6902DDC-E9E4-476F-B9F9-A47A60F9E13D}.Release|Any CPU.Build.0 = Release|Any CPU
		{3DD0162B-628D-4077-A62D-C4C70A55C91A}.Debug|Any CPU.ActiveCfg = Debug|Any CPU
		{3DD0162B-628D-4077-A62D-C4C70A55C91A}.Debug|Any CPU.Build.0 = Debug|Any CPU
		{3DD0162B-628D-4077-A62D-C4C70A55C91A}.Release|Any CPU.ActiveCfg = Release|Any CPU
		{3DD0162B-628D-4077-A62D-C4C70A55C91A}.Release|Any CPU.Build.0 = Release|Any CPU
		{CA65801B-BDBB-4266-A73F-19E8DD787E2D}.Debug|Any CPU.ActiveCfg = Debug|Any CPU
		{CA65801B-BDBB-4266-A73F-19E8DD787E2D}.Debug|Any CPU.Build.0 = Debug|Any CPU
		{CA65801B-BDBB-4266-A73F-19E8DD787E2D}.Release|Any CPU.ActiveCfg = Release|Any CPU
		{CA65801B-BDBB-4266-A73F-19E8DD787E2D}.Release|Any CPU.Build.0 = Release|Any CPU
		{FA2D7F69-B39F-4E22-839B-1C03F62A2694}.Debug|Any CPU.ActiveCfg = Debug|Any CPU
		{FA2D7F69-B39F-4E22-839B-1C03F62A2694}.Debug|Any CPU.Build.0 = Debug|Any CPU
		{FA2D7F69-B39F-4E22-839B-1C03F62A2694}.Release|Any CPU.ActiveCfg = Release|Any CPU
		{FA2D7F69-B39F-4E22-839B-1C03F62A2694}.Release|Any CPU.Build.0 = Release|Any CPU
		{4D9873CD-4048-4DEC-8ECD-7D2A740A8105}.Debug|Any CPU.ActiveCfg = Debug|Any CPU
		{4D9873CD-4048-4DEC-8ECD-7D2A740A8105}.Debug|Any CPU.Build.0 = Debug|Any CPU
		{4D9873CD-4048-4DEC-8ECD-7D2A740A8105}.Release|Any CPU.ActiveCfg = Release|Any CPU
		{4D9873CD-4048-4DEC-8ECD-7D2A740A8105}.Release|Any CPU.Build.0 = Release|Any CPU
		{C31B0E6B-8E93-4008-AF56-A8D73D85D699}.Debug|Any CPU.ActiveCfg = Debug|Any CPU
		{C31B0E6B-8E93-4008-AF56-A8D73D85D699}.Debug|Any CPU.Build.0 = Debug|Any CPU
		{C31B0E6B-8E93-4008-AF56-A8D73D85D699}.Release|Any CPU.ActiveCfg = Release|Any CPU
		{C31B0E6B-8E93-4008-AF56-A8D73D85D699}.Release|Any CPU.Build.0 = Release|Any CPU
		{DAF68F02-9F80-4EAF-B82C-344E2618FA3C}.Debug|Any CPU.ActiveCfg = Debug|Any CPU
		{DAF68F02-9F80-4EAF-B82C-344E2618FA3C}.Debug|Any CPU.Build.0 = Debug|Any CPU
		{DAF68F02-9F80-4EAF-B82C-344E2618FA3C}.Release|Any CPU.ActiveCfg = Release|Any CPU
		{DAF68F02-9F80-4EAF-B82C-344E2618FA3C}.Release|Any CPU.Build.0 = Release|Any CPU
		{80289383-2944-4921-948D-01D683D53375}.Debug|Any CPU.ActiveCfg = Debug|Any CPU
		{80289383-2944-4921-948D-01D683D53375}.Debug|Any CPU.Build.0 = Debug|Any CPU
		{80289383-2944-4921-948D-01D683D53375}.Release|Any CPU.ActiveCfg = Release|Any CPU
		{80289383-2944-4921-948D-01D683D53375}.Release|Any CPU.Build.0 = Release|Any CPU
		{CFE8AEED-0D10-47D8-9A87-51AF82121990}.Debug|Any CPU.ActiveCfg = Debug|Any CPU
		{CFE8AEED-0D10-47D8-9A87-51AF82121990}.Debug|Any CPU.Build.0 = Debug|Any CPU
		{CFE8AEED-0D10-47D8-9A87-51AF82121990}.Release|Any CPU.ActiveCfg = Release|Any CPU
		{CFE8AEED-0D10-47D8-9A87-51AF82121990}.Release|Any CPU.Build.0 = Release|Any CPU
		{362A1F7B-C59C-43D7-8144-8BE20ED32562}.Debug|Any CPU.ActiveCfg = Debug|Any CPU
		{362A1F7B-C59C-43D7-8144-8BE20ED32562}.Debug|Any CPU.Build.0 = Debug|Any CPU
		{362A1F7B-C59C-43D7-8144-8BE20ED32562}.Release|Any CPU.ActiveCfg = Release|Any CPU
		{362A1F7B-C59C-43D7-8144-8BE20ED32562}.Release|Any CPU.Build.0 = Release|Any CPU
		{C2DDFA29-3300-49A8-9D85-D2103E5AF48D}.Debug|Any CPU.ActiveCfg = Debug|Any CPU
		{C2DDFA29-3300-49A8-9D85-D2103E5AF48D}.Debug|Any CPU.Build.0 = Debug|Any CPU
		{C2DDFA29-3300-49A8-9D85-D2103E5AF48D}.Release|Any CPU.ActiveCfg = Release|Any CPU
		{C2DDFA29-3300-49A8-9D85-D2103E5AF48D}.Release|Any CPU.Build.0 = Release|Any CPU
		{ABA59842-E37D-4599-92B5-1808AE065BE2}.Debug|Any CPU.ActiveCfg = Debug|Any CPU
		{ABA59842-E37D-4599-92B5-1808AE065BE2}.Debug|Any CPU.Build.0 = Debug|Any CPU
		{ABA59842-E37D-4599-92B5-1808AE065BE2}.Release|Any CPU.ActiveCfg = Release|Any CPU
		{ABA59842-E37D-4599-92B5-1808AE065BE2}.Release|Any CPU.Build.0 = Release|Any CPU
		{3EED1D50-C457-41C2-9E87-08E16F7EBD31}.Debug|Any CPU.ActiveCfg = Debug|Any CPU
		{3EED1D50-C457-41C2-9E87-08E16F7EBD31}.Debug|Any CPU.Build.0 = Debug|Any CPU
		{3EED1D50-C457-41C2-9E87-08E16F7EBD31}.Release|Any CPU.ActiveCfg = Release|Any CPU
		{3EED1D50-C457-41C2-9E87-08E16F7EBD31}.Release|Any CPU.Build.0 = Release|Any CPU
		{A9FEA55B-B421-4C63-BF46-1432598BBE60}.Debug|Any CPU.ActiveCfg = Debug|Any CPU
		{A9FEA55B-B421-4C63-BF46-1432598BBE60}.Debug|Any CPU.Build.0 = Debug|Any CPU
		{A9FEA55B-B421-4C63-BF46-1432598BBE60}.Release|Any CPU.ActiveCfg = Release|Any CPU
		{A9FEA55B-B421-4C63-BF46-1432598BBE60}.Release|Any CPU.Build.0 = Release|Any CPU
	EndGlobalSection
	GlobalSection(SolutionProperties) = preSolution
		HideSolutionNode = FALSE
	EndGlobalSection
	GlobalSection(NestedProjects) = preSolution
		{E319FD22-8A84-4797-A7F0-2F08B37087D1} = {2A5A2DB0-2B3E-4136-A3E2-9C8F2892A41B}
		{0F5FEA3B-E664-483F-BE72-4DFEF1CB8DC8} = {2A5A2DB0-2B3E-4136-A3E2-9C8F2892A41B}
		{2EA5DAF9-16AE-4423-8FCA-FBCDD1A0830C} = {2A5A2DB0-2B3E-4136-A3E2-9C8F2892A41B}
		{BB905A16-B167-4A0F-BC7B-8F6AE460FFA7} = {2A5A2DB0-2B3E-4136-A3E2-9C8F2892A41B}
		{C6902DDC-E9E4-476F-B9F9-A47A60F9E13D} = {2A5A2DB0-2B3E-4136-A3E2-9C8F2892A41B}
		{3DD0162B-628D-4077-A62D-C4C70A55C91A} = {4FA4F4FE-4266-4779-B25D-6CEFEDA971DB}
		{CA65801B-BDBB-4266-A73F-19E8DD787E2D} = {4FA4F4FE-4266-4779-B25D-6CEFEDA971DB}
		{FA2D7F69-B39F-4E22-839B-1C03F62A2694} = {4FA4F4FE-4266-4779-B25D-6CEFEDA971DB}
		{4D9873CD-4048-4DEC-8ECD-7D2A740A8105} = {4FA4F4FE-4266-4779-B25D-6CEFEDA971DB}
		{C31B0E6B-8E93-4008-AF56-A8D73D85D699} = {4FA4F4FE-4266-4779-B25D-6CEFEDA971DB}
		{DAF68F02-9F80-4EAF-B82C-344E2618FA3C} = {2A5A2DB0-2B3E-4136-A3E2-9C8F2892A41B}
		{80289383-2944-4921-948D-01D683D53375} = {2A5A2DB0-2B3E-4136-A3E2-9C8F2892A41B}
		{CFE8AEED-0D10-47D8-9A87-51AF82121990} = {4FA4F4FE-4266-4779-B25D-6CEFEDA971DB}
		{362A1F7B-C59C-43D7-8144-8BE20ED32562} = {2A5A2DB0-2B3E-4136-A3E2-9C8F2892A41B}
		{C2DDFA29-3300-49A8-9D85-D2103E5AF48D} = {2A5A2DB0-2B3E-4136-A3E2-9C8F2892A41B}
		{ABA59842-E37D-4599-92B5-1808AE065BE2} = {2A5A2DB0-2B3E-4136-A3E2-9C8F2892A41B}
		{3EED1D50-C457-41C2-9E87-08E16F7EBD31} = {2A5A2DB0-2B3E-4136-A3E2-9C8F2892A41B}
		{A9FEA55B-B421-4C63-BF46-1432598BBE60} = {4FA4F4FE-4266-4779-B25D-6CEFEDA971DB}
	EndGlobalSection
	GlobalSection(ExtensibilityGlobals) = postSolution
		SolutionGuid = {B41E5623-8177-40E5-8674-3AFD3895968F}
	EndGlobalSection
EndGlobal
